
Microsoft Visual Studio Solution File, Format Version 12.00
# Visual Studio Version 16
VisualStudioVersion = 16.0.30011.22
MinimumVisualStudioVersion = 10.0.40219.1
Project("{FAE04EC0-301F-11D3-BF4B-00C04F79EFBC}") = "Read3040Bacen", "Read3040Bacen\Read3040Bacen.csproj", "{A61A39EC-8AFE-4C82-9CD3-DD1F2D026607}"
EndProject
Global
	GlobalSection(SolutionConfigurationPlatforms) = preSolution
		Debug|Any CPU = Debug|Any CPU
		Release|Any CPU = Release|Any CPU
	EndGlobalSection
	GlobalSection(ProjectConfigurationPlatforms) = postSolution
		{A61A39EC-8AFE-4C82-9CD3-DD1F2D026607}.Debug|Any CPU.ActiveCfg = Debug|Any CPU
		{A61A39EC-8AFE-4C82-9CD3-DD1F2D026607}.Debug|Any CPU.Build.0 = Debug|Any CPU
		{A61A39EC-8AFE-4C82-9CD3-DD1F2D026607}.Release|Any CPU.ActiveCfg = Release|Any CPU
		{A61A39EC-8AFE-4C82-9CD3-DD1F2D026607}.Release|Any CPU.Build.0 = Release|Any CPU
	EndGlobalSection
	GlobalSection(SolutionProperties) = preSolution
		HideSolutionNode = FALSE
	EndGlobalSection
	GlobalSection(ExtensibilityGlobals) = postSolution
		SolutionGuid = {4B03BB06-0DE8-44C1-B9AE-250C51CA4E9F}
	EndGlobalSection
EndGlobal
